
Microsoft Visual Studio Solution File, Format Version 12.00
# Visual Studio Version 16
VisualStudioVersion = 16.0.31624.102
MinimumVisualStudioVersion = 10.0.40219.1
Project("{FAE04EC0-301F-11D3-BF4B-00C04F79EFBC}") = "Tester.MobileApp.Android", "Tester.MobileApp\Tester.MobileApp.Android\Tester.MobileApp.Android.csproj", "{304428D4-5E33-4AC2-B85A-6AB6E775EDA6}"
EndProject
Project("{9A19103F-16F7-4668-BE54-9A1E7A4F7556}") = "Tester.MobileApp", "Tester.MobileApp\Tester.MobileApp\Tester.MobileApp.csproj", "{D22A233F-2C0F-43CB-B5DD-50A1D008CD87}"
EndProject
Project("{2150E333-8FDC-42A3-9474-1A3956D46DE8}") = "Services", "Services", "{16601D1F-5AD1-4A52-87F4-F43404F532CC}"
EndProject
Project("{FAE04EC0-301F-11D3-BF4B-00C04F79EFBC}") = "Tester.WebApi.Service", "Tester.WebApi.Service\Tester.WebApi.Service.csproj", "{58807E3E-4FD6-415A-8E4A-DC7465209DC2}"
EndProject
Global
	GlobalSection(SolutionConfigurationPlatforms) = preSolution
		Debug|Any CPU = Debug|Any CPU
		Release|Any CPU = Release|Any CPU
	EndGlobalSection
	GlobalSection(ProjectConfigurationPlatforms) = postSolution
		{304428D4-5E33-4AC2-B85A-6AB6E775EDA6}.Debug|Any CPU.ActiveCfg = Debug|Any CPU
		{304428D4-5E33-4AC2-B85A-6AB6E775EDA6}.Debug|Any CPU.Build.0 = Debug|Any CPU
		{304428D4-5E33-4AC2-B85A-6AB6E775EDA6}.Debug|Any CPU.Deploy.0 = Debug|Any CPU
		{304428D4-5E33-4AC2-B85A-6AB6E775EDA6}.Release|Any CPU.ActiveCfg = Release|Any CPU
		{304428D4-5E33-4AC2-B85A-6AB6E775EDA6}.Release|Any CPU.Build.0 = Release|Any CPU
		{304428D4-5E33-4AC2-B85A-6AB6E775EDA6}.Release|Any CPU.Deploy.0 = Release|Any CPU
		{D22A233F-2C0F-43CB-B5DD-50A1D008CD87}.Debug|Any CPU.ActiveCfg = Debug|Any CPU
		{D22A233F-2C0F-43CB-B5DD-50A1D008CD87}.Debug|Any CPU.Build.0 = Debug|Any CPU
		{D22A233F-2C0F-43CB-B5DD-50A1D008CD87}.Debug|Any CPU.Deploy.0 = Debug|Any CPU
		{D22A233F-2C0F-43CB-B5DD-50A1D008CD87}.Release|Any CPU.ActiveCfg = Release|Any CPU
		{D22A233F-2C0F-43CB-B5DD-50A1D008CD87}.Release|Any CPU.Build.0 = Release|Any CPU
		{D22A233F-2C0F-43CB-B5DD-50A1D008CD87}.Release|Any CPU.Deploy.0 = Release|Any CPU
		{58807E3E-4FD6-415A-8E4A-DC7465209DC2}.Debug|Any CPU.ActiveCfg = Debug|Any CPU
		{58807E3E-4FD6-415A-8E4A-DC7465209DC2}.Debug|Any CPU.Build.0 = Debug|Any CPU
		{58807E3E-4FD6-415A-8E4A-DC7465209DC2}.Release|Any CPU.ActiveCfg = Release|Any CPU
		{58807E3E-4FD6-415A-8E4A-DC7465209DC2}.Release|Any CPU.Build.0 = Release|Any CPU
	EndGlobalSection
	GlobalSection(SolutionProperties) = preSolution
		HideSolutionNode = FALSE
	EndGlobalSection
	GlobalSection(NestedProjects) = preSolution
		{58807E3E-4FD6-415A-8E4A-DC7465209DC2} = {16601D1F-5AD1-4A52-87F4-F43404F532CC}
	EndGlobalSection
	GlobalSection(ExtensibilityGlobals) = postSolution
		SolutionGuid = {BE42253F-C39E-47D9-B9B4-0F2D427D1B8E}
	EndGlobalSection
EndGlobal
